{
	"name": "johnbillion",
	"version": "1.0.0",
	"lockfileVersion": 3,
	"requires": true,
	"packages": {
		"": {
			"name": "johnbillion",
			"version": "1.0.0",
			"license": "MIT",
			"devDependencies": {
				"@johnbillion/ghsvg": "^0.0.6",
				"@resvg/resvg-js": "^2.6.2"
			},
			"engines": {
				"node": ">=24.0",
				"npm": ">=11.10.0"
			}
		},
		"node_modules/@babel/code-frame": {
			"version": "7.29.0",
			"resolved": "https://registry.npmjs.org/@babel/code-frame/-/code-frame-7.29.0.tgz",
			"integrity": "sha512-9NhCeYjq9+3uxgdtp20LSiJXJvN0FeCtNGpJxuMFZ1Kv3cWUNb6DOhJwUvcVCzKGR66cw4njwM6hrJLqgOwbcw==",
			"dev": true,
			"license": "MIT",
			"dependencies": {
				"@babel/helper-validator-identifier": "^7.28.5",
				"js-tokens": "^4.0.0",
				"picocolors": "^1.1.1"
			},
			"engines": {
				"node": ">=6.9.0"
			}
		},
		"node_modules/@babel/helper-validator-identifier": {
			"version": "7.28.5",
			"resolved": "https://registry.npmjs.org/@babel/helper-validator-identifier/-/helper-validator-identifier-7.28.5.tgz",
			"integrity": "sha512-qSs4ifwzKJSV39ucNjsvc6WVHs6b7S03sOh2OcHF9UHfVPqWWALUsNUVzhSBiItjRZoLHx7nIarVjqKVusUZ1Q==",
			"dev": true,
			"license": "MIT",
			"engines": {
				"node": ">=6.9.0"
			}
		},
		"node_modules/@iarna/toml": {
			"version": "2.2.5",
			"resolved": "https://registry.npmjs.org/@iarna/toml/-/toml-2.2.5.tgz",
			"integrity": "sha512-trnsAYxU3xnS1gPHPyU961coFyLkh4gAD/0zQ5mymY4yOZ+CYvsPqUbOFSw0aDM4y0tV7tiFxL/1XfXPNC6IPg==",
			"dev": true,
			"license": "ISC"
		},
		"node_modules/@johnbillion/ghsvg": {
			"version": "0.0.6",
			"resolved": "https://registry.npmjs.org/@johnbillion/ghsvg/-/ghsvg-0.0.6.tgz",
			"integrity": "sha512-NvVqv30FLHjv6swlOUzX4TyPIh+Y+5VU/ru0M27ZsUzXl5wQl8Z7kqa5S+1WQu5kquTUmxaFP9rvnQynSYgd5Q==",
			"dev": true,
			"license": "MIT",
			"dependencies": {
				"@iarna/toml": "^2.2.5",
				"@types/node": "^16.7.13",
				"axios": "^0.21.4",
				"camelcase-keys": "^7.0.0",
				"commander": "^8.1.0",
				"cosmiconfig": "^7.0.1",
				"dotenv": "^10.0.0",
				"json5": "^2.2.0"
			},
			"bin": {
				"ghsvg": "bin/ghsvg.js"
			}
		},
		"node_modules/@resvg/resvg-js": {
			"version": "2.6.2",
			"resolved": "https://registry.npmjs.org/@resvg/resvg-js/-/resvg-js-2.6.2.tgz",
			"integrity": "sha512-xBaJish5OeGmniDj9cW5PRa/PtmuVU3ziqrbr5xJj901ZDN4TosrVaNZpEiLZAxdfnhAe7uQ7QFWfjPe9d9K2Q==",
			"dev": true,
			"license": "MPL-2.0",
			"engines": {
				"node": ">= 10"
			},
			"optionalDependencies": {
				"@resvg/resvg-js-android-arm-eabi": "2.6.2",
				"@resvg/resvg-js-android-arm64": "2.6.2",
				"@resvg/resvg-js-darwin-arm64": "2.6.2",
				"@resvg/resvg-js-darwin-x64": "2.6.2",
				"@resvg/resvg-js-linux-arm-gnueabihf": "2.6.2",
				"@resvg/resvg-js-linux-arm64-gnu": "2.6.2",
				"@resvg/resvg-js-linux-arm64-musl": "2.6.2",
				"@resvg/resvg-js-linux-x64-gnu": "2.6.2",
				"@resvg/resvg-js-linux-x64-musl": "2.6.2",
				"@resvg/resvg-js-win32-arm64-msvc": "2.6.2",
				"@resvg/resvg-js-win32-ia32-msvc": "2.6.2",
				"@resvg/resvg-js-win32-x64-msvc": "2.6.2"
			}
		},
		"node_modules/@resvg/resvg-js-android-arm-eabi": {
			"version": "2.6.2",
			"resolved": "https://registry.npmjs.org/@resvg/resvg-js-android-arm-eabi/-/resvg-js-android-arm-eabi-2.6.2.tgz",
			"integrity": "sha512-FrJibrAk6v29eabIPgcTUMPXiEz8ssrAk7TXxsiZzww9UTQ1Z5KAbFJs+Z0Ez+VZTYgnE5IQJqBcoSiMebtPHA==",
			"cpu": [
				"arm"
			],
			"dev": true,
			"license": "MPL-2.0",
			"optional": true,
			"os": [
				"android"
			],
			"engines": {
				"node": ">= 10"
			}
		},
		"node_modules/@resvg/resvg-js-android-arm64": {
			"version": "2.6.2",
			"resolved": "https://registry.npmjs.org/@resvg/resvg-js-android-arm64/-/resvg-js-android-arm64-2.6.2.tgz",
			"integrity": "sha512-VcOKezEhm2VqzXpcIJoITuvUS/fcjIw5NA/w3tjzWyzmvoCdd+QXIqy3FBGulWdClvp4g+IfUemigrkLThSjAQ==",
			"cpu": [
				"arm64"
			],
			"dev": true,
			"license": "MPL-2.0",
			"optional": true,
			"os": [
				"android"
			],
			"engines": {
				"node": ">= 10"
			}
		},
		"node_modules/@resvg/resvg-js-darwin-arm64": {
			"version": "2.6.2",
			"resolved": "https://registry.npmjs.org/@resvg/resvg-js-darwin-arm64/-/resvg-js-darwin-arm64-2.6.2.tgz",
			"integrity": "sha512-nmok2LnAd6nLUKI16aEB9ydMC6Lidiiq2m1nEBDR1LaaP7FGs4AJ90qDraxX+CWlVuRlvNjyYJTNv8qFjtL9+A==",
			"cpu": [
				"arm64"
			],
			"dev": true,
			"license": "MPL-2.0",
			"optional": true,
			"os": [
				"darwin"
			],
			"engines": {
				"node": ">= 10"
			}
		},
		"node_modules/@resvg/resvg-js-darwin-x64": {
			"version": "2.6.2",
			"resolved": "https://registry.npmjs.org/@resvg/resvg-js-darwin-x64/-/resvg-js-darwin-x64-2.6.2.tgz",
			"integrity": "sha512-GInyZLjgWDfsVT6+SHxQVRwNzV0AuA1uqGsOAW+0th56J7Nh6bHHKXHBWzUrihxMetcFDmQMAX1tZ1fZDYSRsw==",
			"cpu": [
				"x64"
			],
			"dev": true,
			"license": "MPL-2.0",
			"optional": true,
			"os": [
				"darwin"
			],
			"engines": {
				"node": ">= 10"
			}
		},
		"node_modules/@resvg/resvg-js-linux-arm-gnueabihf": {
			"version": "2.6.2",
			"resolved": "https://registry.npmjs.org/@resvg/resvg-js-linux-arm-gnueabihf/-/resvg-js-linux-arm-gnueabihf-2.6.2.tgz",
			"integrity": "sha512-YIV3u/R9zJbpqTTNwTZM5/ocWetDKGsro0SWp70eGEM9eV2MerWyBRZnQIgzU3YBnSBQ1RcxRZvY/UxwESfZIw==",
			"cpu": [
				"arm"
			],
			"dev": true,
			"license": "MPL-2.0",
			"optional": true,
			"os": [
				"linux"
			],
			"engines": {
				"node": ">= 10"
			}
		},
		"node_modules/@resvg/resvg-js-linux-arm64-gnu": {
			"version": "2.6.2",
			"resolved": "https://registry.npmjs.org/@resvg/resvg-js-linux-arm64-gnu/-/resvg-js-linux-arm64-gnu-2.6.2.tgz",
			"integrity": "sha512-zc2BlJSim7YR4FZDQ8OUoJg5holYzdiYMeobb9pJuGDidGL9KZUv7SbiD4E8oZogtYY42UZEap7dqkkYuA91pg==",
			"cpu": [
				"arm64"
			],
			"dev": true,
			"libc": [
				"glibc"
			],
			"license": "MPL-2.0",
			"optional": true,
			"os": [
				"linux"
			],
			"engines": {
				"node": ">= 10"
			}
		},
		"node_modules/@resvg/resvg-js-linux-arm64-musl": {
			"version": "2.6.2",
			"resolved": "https://registry.npmjs.org/@resvg/resvg-js-linux-arm64-musl/-/resvg-js-linux-arm64-musl-2.6.2.tgz",
			"integrity": "sha512-3h3dLPWNgSsD4lQBJPb4f+kvdOSJHa5PjTYVsWHxLUzH4IFTJUAnmuWpw4KqyQ3NA5QCyhw4TWgxk3jRkQxEKg==",
			"cpu": [
				"arm64"
			],
			"dev": true,
			"libc": [
				"musl"
			],
			"license": "MPL-2.0",
			"optional": true,
			"os": [
				"linux"
			],
			"engines": {
				"node": ">= 10"
			}
		},
		"node_modules/@resvg/resvg-js-linux-x64-gnu": {
			"version": "2.6.2",
			"resolved": "https://registry.npmjs.org/@resvg/resvg-js-linux-x64-gnu/-/resvg-js-linux-x64-gnu-2.6.2.tgz",
			"integrity": "sha512-IVUe+ckIerA7xMZ50duAZzwf1U7khQe2E0QpUxu5MBJNao5RqC0zwV/Zm965vw6D3gGFUl7j4m+oJjubBVoftw==",
			"cpu": [
				"x64"
			],
			"dev": true,
			"libc": [
				"glibc"
			],
			"license": "MPL-2.0",
			"optional": true,
			"os": [
				"linux"
			],
			"engines": {
				"node": ">= 10"
			}
		},
		"node_modules/@resvg/resvg-js-linux-x64-musl": {
			"version": "2.6.2",
			"resolved": "https://registry.npmjs.org/@resvg/resvg-js-linux-x64-musl/-/resvg-js-linux-x64-musl-2.6.2.tgz",
			"integrity": "sha512-UOf83vqTzoYQO9SZ0fPl2ZIFtNIz/Rr/y+7X8XRX1ZnBYsQ/tTb+cj9TE+KHOdmlTFBxhYzVkP2lRByCzqi4jQ==",
			"cpu": [
				"x64"
			],
			"dev": true,
			"libc": [
				"musl"
			],
			"license": "MPL-2.0",
			"optional": true,
			"os": [
				"linux"
			],
			"engines": {
				"node": ">= 10"
			}
		},
		"node_modules/@resvg/resvg-js-win32-arm64-msvc": {
			"version": "2.6.2",
			"resolved": "https://registry.npmjs.org/@resvg/resvg-js-win32-arm64-msvc/-/resvg-js-win32-arm64-msvc-2.6.2.tgz",
			"integrity": "sha512-7C/RSgCa+7vqZ7qAbItfiaAWhyRSoD4l4BQAbVDqRRsRgY+S+hgS3in0Rxr7IorKUpGE69X48q6/nOAuTJQxeQ==",
			"cpu": [
				"arm64"
			],
			"dev": true,
			"license": "MPL-2.0",
			"optional": true,
			"os": [
				"win32"
			],
			"engines": {
				"node": ">= 10"
			}
		},
		"node_modules/@resvg/resvg-js-win32-ia32-msvc": {
			"version": "2.6.2",
			"resolved": "https://registry.npmjs.org/@resvg/resvg-js-win32-ia32-msvc/-/resvg-js-win32-ia32-msvc-2.6.2.tgz",
			"integrity": "sha512-har4aPAlvjnLcil40AC77YDIk6loMawuJwFINEM7n0pZviwMkMvjb2W5ZirsNOZY4aDbo5tLx0wNMREp5Brk+w==",
			"cpu": [
				"ia32"
			],
			"dev": true,
			"license": "MPL-2.0",
			"optional": true,
			"os": [
				"win32"
			],
			"engines": {
				"node": ">= 10"
			}
		},
		"node_modules/@resvg/resvg-js-win32-x64-msvc": {
			"version": "2.6.2",
			"resolved": "https://registry.npmjs.org/@resvg/resvg-js-win32-x64-msvc/-/resvg-js-win32-x64-msvc-2.6.2.tgz",
			"integrity": "sha512-ZXtYhtUr5SSaBrUDq7DiyjOFJqBVL/dOBN7N/qmi/pO0IgiWW/f/ue3nbvu9joWE5aAKDoIzy/CxsY0suwGosQ==",
			"cpu": [
				"x64"
			],
			"dev": true,
			"license": "MPL-2.0",
			"optional": true,
			"os": [
				"win32"
			],
			"engines": {
				"node": ">= 10"
			}
		},
		"node_modules/@types/node": {
			"version": "16.18.126",
			"resolved": "https://registry.npmjs.org/@types/node/-/node-16.18.126.tgz",
			"integrity": "sha512-OTcgaiwfGFBKacvfwuHzzn1KLxH/er8mluiy8/uM3sGXHaRe73RrSIj01jow9t4kJEW633Ov+cOexXeiApTyAw==",
			"dev": true,
			"license": "MIT"
		},
		"node_modules/@types/parse-json": {
			"version": "4.0.2",
			"resolved": "https://registry.npmjs.org/@types/parse-json/-/parse-json-4.0.2.tgz",
			"integrity": "sha512-dISoDXWWQwUquiKsyZ4Ng+HX2KsPL7LyHKHQwgGFEA3IaKac4Obd+h2a/a6waisAoepJlBcx9paWqjA8/HVjCw==",
			"dev": true,
			"license": "MIT"
		},
		"node_modules/axios": {
			"version": "0.21.4",
			"resolved": "https://registry.npmjs.org/axios/-/axios-0.21.4.tgz",
			"integrity": "sha512-ut5vewkiu8jjGBdqpM44XxjuCjq9LAKeHVmoVfHVzy8eHgxxq8SbAVQNovDA8mVi05kP0Ea/n/UzcSHcTJQfNg==",
			"dev": true,
			"license": "MIT",
			"dependencies": {
				"follow-redirects": "^1.14.0"
			}
		},
		"node_modules/callsites": {
			"version": "3.1.0",
			"resolved": "https://registry.npmjs.org/callsites/-/callsites-3.1.0.tgz",
			"integrity": "sha512-P8BjAsXvZS+VIDUI11hHCQEv74YT67YUi5JJFNWIqL235sBmjX4+qx9Muvls5ivyNENctx46xQLQ3aTuE7ssaQ==",
			"dev": true,
			"license": "MIT",
			"engines": {
				"node": ">=6"
			}
		},
		"node_modules/camelcase": {
			"version": "6.3.0",
			"resolved": "https://registry.npmjs.org/camelcase/-/camelcase-6.3.0.tgz",
			"integrity": "sha512-Gmy6FhYlCY7uOElZUSbxo2UCDH8owEk996gkbrpsgGtrJLM3J7jGxl9Ic7Qwwj4ivOE5AWZWRMecDdF7hqGjFA==",
			"dev": true,
			"license": "MIT",
			"engines": {
				"node": ">=10"
			},
			"funding": {
				"url": "https://github.com/sponsors/sindresorhus"
			}
		},
		"node_modules/camelcase-keys": {
			"version": "7.0.2",
			"resolved": "https://registry.npmjs.org/camelcase-keys/-/camelcase-keys-7.0.2.tgz",
			"integrity": "sha512-Rjs1H+A9R+Ig+4E/9oyB66UC5Mj9Xq3N//vcLf2WzgdTi/3gUu3Z9KoqmlrEG4VuuLK8wJHofxzdQXz/knhiYg==",
			"dev": true,
			"license": "MIT",
			"dependencies": {
				"camelcase": "^6.3.0",
				"map-obj": "^4.1.0",
				"quick-lru": "^5.1.1",
				"type-fest": "^1.2.1"
			},
			"engines": {
				"node": ">=12"
			},
			"funding": {
				"url": "https://github.com/sponsors/sindresorhus"
			}
		},
		"node_modules/commander": {
			"version": "8.3.0",
			"resolved": "https://registry.npmjs.org/commander/-/commander-8.3.0.tgz",
			"integrity": "sha512-OkTL9umf+He2DZkUq8f8J9of7yL6RJKI24dVITBmNfZBmri9zYZQrKkuXiKhyfPSu8tUhnVBB1iKXevvnlR4Ww==",
			"dev": true,
			"license": "MIT",
			"engines": {
				"node": ">= 12"
			}
		},
		"node_modules/cosmiconfig": {
			"version": "7.1.0",
			"resolved": "https://registry.npmjs.org/cosmiconfig/-/cosmiconfig-7.1.0.tgz",
			"integrity": "sha512-AdmX6xUzdNASswsFtmwSt7Vj8po9IuqXm0UXz7QKPuEUmPB4XyjGfaAr2PSuELMwkRMVH1EpIkX5bTZGRB3eCA==",
			"dev": true,
			"license": "MIT",
			"dependencies": {
				"@types/parse-json": "^4.0.0",
				"import-fresh": "^3.2.1",
				"parse-json": "^5.0.0",
				"path-type": "^4.0.0",
				"yaml": "^1.10.0"
			},
			"engines": {
				"node": ">=10"
			}
		},
		"node_modules/dotenv": {
			"version": "10.0.0",
			"resolved": "https://registry.npmjs.org/dotenv/-/dotenv-10.0.0.tgz",
			"integrity": "sha512-rlBi9d8jpv9Sf1klPjNfFAuWDjKLwTIJJ/VxtoTwIR6hnZxcEOQCZg2oIL3MWBYw5GpUDKOEnND7LXTbIpQ03Q==",
			"dev": true,
			"license": "BSD-2-Clause",
			"engines": {
				"node": ">=10"
			}
		},
		"node_modules/error-ex": {
			"version": "1.3.4",
			"resolved": "https://registry.npmjs.org/error-ex/-/error-ex-1.3.4.tgz",
			"integrity": "sha512-sqQamAnR14VgCr1A618A3sGrygcpK+HEbenA/HiEAkkUwcZIIB/tgWqHFxWgOyDh4nB4JCRimh79dR5Ywc9MDQ==",
			"dev": true,
			"license": "MIT",
			"dependencies": {
				"is-arrayish": "^0.2.1"
			}
		},
		"node_modules/follow-redirects": {
			"version": "1.16.0",
			"resolved": "https://registry.npmjs.org/follow-redirects/-/follow-redirects-1.16.0.tgz",
			"integrity": "sha512-y5rN/uOsadFT/JfYwhxRS5R7Qce+g3zG97+JrtFZlC9klX/W5hD7iiLzScI4nZqUS7DNUdhPgw4xI8W2LuXlUw==",
			"dev": true,
			"funding": [
				{
					"type": "individual",
					"url": "https://github.com/sponsors/RubenVerborgh"
				}
			],
			"license": "MIT",
			"engines": {
				"node": ">=4.0"
			},
			"peerDependenciesMeta": {
				"debug": {
					"optional": true
				}
			}
		},
		"node_modules/import-fresh": {
			"version": "3.3.1",
			"resolved": "https://registry.npmjs.org/import-fresh/-/import-fresh-3.3.1.tgz",
			"integrity": "sha512-TR3KfrTZTYLPB6jUjfx6MF9WcWrHL9su5TObK4ZkYgBdWKPOFoSoQIdEuTuR82pmtxH2spWG9h6etwfr1pLBqQ==",
			"dev": true,
			"license": "MIT",
			"dependencies": {
				"parent-module": "^1.0.0",
				"resolve-from": "^4.0.0"
			},
			"engines": {
				"node": ">=6"
			},
			"funding": {
				"url": "https://github.com/sponsors/sindresorhus"
			}
		},
		"node_modules/is-arrayish": {
			"version": "0.2.1",
			"resolved": "https://registry.npmjs.org/is-arrayish/-/is-arrayish-0.2.1.tgz",
			"integrity": "sha512-zz06S8t0ozoDXMG+ube26zeCTNXcKIPJZJi8hBrF4idCLms4CG9QtK7qBl1boi5ODzFpjswb5JPmHCbMpjaYzg==",
			"dev": true,
			"license": "MIT"
		},
		"node_modules/js-tokens": {
			"version": "4.0.0",
			"resolved": "https://registry.npmjs.org/js-tokens/-/js-tokens-4.0.0.tgz",
			"integrity": "sha512-RdJUflcE3cUzKiMqQgsCu06FPu9UdIJO0beYbPhHN4k6apgJtifcoCtT9bcxOpYBtpD2kCM6Sbzg4CausW/PKQ==",
			"dev": true,
			"license": "MIT"
		},
		"node_modules/json-parse-even-better-errors": {
			"version": "2.3.1",
			"resolved": "https://registry.npmjs.org/json-parse-even-better-errors/-/json-parse-even-better-errors-2.3.1.tgz",
			"integrity": "sha512-xyFwyhro/JEof6Ghe2iz2NcXoj2sloNsWr/XsERDK/oiPCfaNhl5ONfp+jQdAZRQQ0IJWNzH9zIZF7li91kh2w==",
			"dev": true,
			"license": "MIT"
		},
		"node_modules/json5": {
			"version": "2.2.3",
			"resolved": "https://registry.npmjs.org/json5/-/json5-2.2.3.tgz",
			"integrity": "sha512-XmOWe7eyHYH14cLdVPoyg+GOH3rYX++KpzrylJwSW98t3Nk+U8XOl8FWKOgwtzdb8lXGf6zYwDUzeHMWfxasyg==",
			"dev": true,
			"license": "MIT",
			"bin": {
				"json5": "lib/cli.js"
			},
			"engines": {
				"node": ">=6"
			}
		},
		"node_modules/lines-and-columns": {
			"version": "1.2.4",
			"resolved": "https://registry.npmjs.org/lines-and-columns/-/lines-and-columns-1.2.4.tgz",
			"integrity": "sha512-7ylylesZQ/PV29jhEDl3Ufjo6ZX7gCqJr5F7PKrqc93v7fzSymt1BpwEU8nAUXs8qzzvqhbjhK5QZg6Mt/HkBg==",
			"dev": true,
			"license": "MIT"
		},
		"node_modules/map-obj": {
			"version": "4.3.0",
			"resolved": "https://registry.npmjs.org/map-obj/-/map-obj-4.3.0.tgz",
			"integrity": "sha512-hdN1wVrZbb29eBGiGjJbeP8JbKjq1urkHJ/LIP/NY48MZ1QVXUsQBV1G1zvYFHn1XE06cwjBsOI2K3Ulnj1YXQ==",
			"dev": true,
			"license": "MIT",
			"engines": {
				"node": ">=8"
			},
			"funding": {
				"url": "https://github.com/sponsors/sindresorhus"
			}
		},
		"node_modules/parent-module": {
			"version": "1.0.1",
			"resolved": "https://registry.npmjs.org/parent-module/-/parent-module-1.0.1.tgz",
			"integrity": "sha512-GQ2EWRpQV8/o+Aw8YqtfZZPfNRWZYkbidE9k5rpl/hC3vtHHBfGm2Ifi6qWV+coDGkrUKZAxE3Lot5kcsRlh+g==",
			"dev": true,
			"license": "MIT",
			"dependencies": {
				"callsites": "^3.0.0"
			},
			"engines": {
				"node": ">=6"
			}
		},
		"node_modules/parse-json": {
			"version": "5.2.0",
			"resolved": "https://registry.npmjs.org/parse-json/-/parse-json-5.2.0.tgz",
			"integrity": "sha512-ayCKvm/phCGxOkYRSCM82iDwct8/EonSEgCSxWxD7ve6jHggsFl4fZVQBPRNgQoKiuV/odhFrGzQXZwbifC8Rg==",
			"dev": true,
			"license": "MIT",
			"dependencies": {
				"@babel/code-frame": "^7.0.0",
				"error-ex": "^1.3.1",
				"json-parse-even-better-errors": "^2.3.0",
				"lines-and-columns": "^1.1.6"
			},
			"engines": {
				"node": ">=8"
			},
			"funding": {
				"url": "https://github.com/sponsors/sindresorhus"
			}
		},
		"node_modules/path-type": {
			"version": "4.0.0",
			"resolved": "https://registry.npmjs.org/path-type/-/path-type-4.0.0.tgz",
			"integrity": "sha512-gDKb8aZMDeD/tZWs9P6+q0J9Mwkdl6xMV8TjnGP3qJVJ06bdMgkbBlLU8IdfOsIsFz2BW1rNVT3XuNEl8zPAvw==",
			"dev": true,
			"license": "MIT",
			"engines": {
				"node": ">=8"
			}
		},
		"node_modules/picocolors": {
			"version": "1.1.1",
			"resolved": "https://registry.npmjs.org/picocolors/-/picocolors-1.1.1.tgz",
			"integrity": "sha512-xceH2snhtb5M9liqDsmEw56le376mTZkEX/jEb/RxNFyegNul7eNslCXP9FDj/Lcu0X8KEyMceP2ntpaHrDEVA==",
			"dev": true,
			"license": "ISC"
		},
		"node_modules/quick-lru": {
			"version": "5.1.1",
			"resolved": "https://registry.npmjs.org/quick-lru/-/quick-lru-5.1.1.tgz",
			"integrity": "sha512-WuyALRjWPDGtt/wzJiadO5AXY+8hZ80hVpe6MyivgraREW751X3SbhRvG3eLKOYN+8VEvqLcf3wdnt44Z4S4SA==",
			"dev": true,
			"license": "MIT",
			"engines": {
				"node": ">=10"
			},
			"funding": {
				"url": "https://github.com/sponsors/sindresorhus"
			}
		},
		"node_modules/resolve-from": {
			"version": "4.0.0",
			"resolved": "https://registry.npmjs.org/resolve-from/-/resolve-from-4.0.0.tgz",
			"integrity": "sha512-pb/MYmXstAkysRFx8piNI1tGFNQIFA3vkE3Gq4EuA1dF6gHp/+vgZqsCGJapvy8N3Q+4o7FwvquPJcnZ7RYy4g==",
			"dev": true,
			"license": "MIT",
			"engines": {
				"node": ">=4"
			}
		},
		"node_modules/type-fest": {
			"version": "1.4.0",
			"resolved": "https://registry.npmjs.org/type-fest/-/type-fest-1.4.0.tgz",
			"integrity": "sha512-yGSza74xk0UG8k+pLh5oeoYirvIiWo5t0/o3zHHAO2tRDiZcxWP7fywNlXhqb6/r6sWvwi+RsyQMWhVLe4BVuA==",
			"dev": true,
			"license": "(MIT OR CC0-1.0)",
			"engines": {
				"node": ">=10"
			},
			"funding": {
				"url": "https://github.com/sponsors/sindresorhus"
			}
		},
		"node_modules/yaml": {
			"version": "1.10.3",
			"resolved": "https://registry.npmjs.org/yaml/-/yaml-1.10.3.tgz",
			"integrity": "sha512-vIYeF1u3CjlhAFekPPAk2h/Kv4T3mAkMox5OymRiJQB0spDP10LHvt+K7G9Ny6NuuMAb25/6n1qyUjAcGNf/AA==",
			"dev": true,
			"license": "ISC",
			"engines": {
				"node": ">= 6"
			}
		}
	}
}
