{
	"name": "johnbillion",
	"version": "1.0.0",
	"lockfileVersion": 3,
	"requires": true,
	"packages": {
		"": {
			"name": "johnbillion",
			"version": "1.0.0",
			"license": "MIT",
			"devDependencies": {
				"@johnbillion/ghsvg": "^0.0.5",
				"svgexport": "^0.4.2"
			},
			"engines": {
				"node": ">=24.0",
				"npm": ">=11.10.0"
			}
		},
		"node_modules/@babel/code-frame": {
			"version": "7.29.0",
			"resolved": "https://registry.npmjs.org/@babel/code-frame/-/code-frame-7.29.0.tgz",
			"integrity": "sha512-9NhCeYjq9+3uxgdtp20LSiJXJvN0FeCtNGpJxuMFZ1Kv3cWUNb6DOhJwUvcVCzKGR66cw4njwM6hrJLqgOwbcw==",
			"dev": true,
			"license": "MIT",
			"dependencies": {
				"@babel/helper-validator-identifier": "^7.28.5",
				"js-tokens": "^4.0.0",
				"picocolors": "^1.1.1"
			},
			"engines": {
				"node": ">=6.9.0"
			}
		},
		"node_modules/@babel/helper-validator-identifier": {
			"version": "7.28.5",
			"resolved": "https://registry.npmjs.org/@babel/helper-validator-identifier/-/helper-validator-identifier-7.28.5.tgz",
			"integrity": "sha512-qSs4ifwzKJSV39ucNjsvc6WVHs6b7S03sOh2OcHF9UHfVPqWWALUsNUVzhSBiItjRZoLHx7nIarVjqKVusUZ1Q==",
			"dev": true,
			"license": "MIT",
			"engines": {
				"node": ">=6.9.0"
			}
		},
		"node_modules/@iarna/toml": {
			"version": "2.2.5",
			"resolved": "https://registry.npmjs.org/@iarna/toml/-/toml-2.2.5.tgz",
			"integrity": "sha512-trnsAYxU3xnS1gPHPyU961coFyLkh4gAD/0zQ5mymY4yOZ+CYvsPqUbOFSw0aDM4y0tV7tiFxL/1XfXPNC6IPg==",
			"dev": true,
			"license": "ISC"
		},
		"node_modules/@johnbillion/ghsvg": {
			"version": "0.0.5",
			"resolved": "https://registry.npmjs.org/@johnbillion/ghsvg/-/ghsvg-0.0.5.tgz",
			"integrity": "sha512-b97boVMllWJtzW2rMEuNafXEG+Q2iI6o/YWQJwwpGFHDw0GXlSrdXE7oabFn9Lv+F1LWF/6xfhYXVsvhugG7Ag==",
			"dev": true,
			"license": "MIT",
			"dependencies": {
				"@iarna/toml": "^2.2.5",
				"@types/node": "^16.7.13",
				"axios": "^0.21.4",
				"camelcase-keys": "^7.0.0",
				"commander": "^8.1.0",
				"cosmiconfig": "^7.0.1",
				"dotenv": "^10.0.0",
				"json5": "^2.2.0"
			},
			"bin": {
				"ghsvg": "bin/ghsvg.js"
			}
		},
		"node_modules/@types/node": {
			"version": "16.18.126",
			"resolved": "https://registry.npmjs.org/@types/node/-/node-16.18.126.tgz",
			"integrity": "sha512-OTcgaiwfGFBKacvfwuHzzn1KLxH/er8mluiy8/uM3sGXHaRe73RrSIj01jow9t4kJEW633Ov+cOexXeiApTyAw==",
			"dev": true,
			"license": "MIT"
		},
		"node_modules/@types/parse-json": {
			"version": "4.0.2",
			"resolved": "https://registry.npmjs.org/@types/parse-json/-/parse-json-4.0.2.tgz",
			"integrity": "sha512-dISoDXWWQwUquiKsyZ4Ng+HX2KsPL7LyHKHQwgGFEA3IaKac4Obd+h2a/a6waisAoepJlBcx9paWqjA8/HVjCw==",
			"dev": true,
			"license": "MIT"
		},
		"node_modules/@types/yauzl": {
			"version": "2.10.3",
			"resolved": "https://registry.npmjs.org/@types/yauzl/-/yauzl-2.10.3.tgz",
			"integrity": "sha512-oJoftv0LSuaDZE3Le4DbKX+KS9G36NzOeSap90UIK0yMA/NhKJhqlSGtNDORNRaIbQfzjXDrQa0ytJ6mNRGz/Q==",
			"dev": true,
			"license": "MIT",
			"optional": true,
			"dependencies": {
				"@types/node": "*"
			}
		},
		"node_modules/agent-base": {
			"version": "5.1.1",
			"resolved": "https://registry.npmjs.org/agent-base/-/agent-base-5.1.1.tgz",
			"integrity": "sha512-TMeqbNl2fMW0nMjTEPOwe3J/PRFP4vqeoNuQMG0HlMrtm5QxKqdvAkZ1pRBQ/ulIyDD5Yq0nJ7YbdD8ey0TO3g==",
			"dev": true,
			"license": "MIT",
			"engines": {
				"node": ">= 6.0.0"
			}
		},
		"node_modules/async": {
			"version": "3.2.6",
			"resolved": "https://registry.npmjs.org/async/-/async-3.2.6.tgz",
			"integrity": "sha512-htCUDlxyyCLMgaM3xXg0C0LW2xqfuQ6p05pCEIsXuyQ+a1koYKTuBMzRNwmybfLgvJDMd0r1LTn4+E0Ti6C2AA==",
			"dev": true,
			"license": "MIT"
		},
		"node_modules/axios": {
			"version": "0.21.4",
			"resolved": "https://registry.npmjs.org/axios/-/axios-0.21.4.tgz",
			"integrity": "sha512-ut5vewkiu8jjGBdqpM44XxjuCjq9LAKeHVmoVfHVzy8eHgxxq8SbAVQNovDA8mVi05kP0Ea/n/UzcSHcTJQfNg==",
			"dev": true,
			"license": "MIT",
			"dependencies": {
				"follow-redirects": "^1.14.0"
			}
		},
		"node_modules/balanced-match": {
			"version": "1.0.2",
			"resolved": "https://registry.npmjs.org/balanced-match/-/balanced-match-1.0.2.tgz",
			"integrity": "sha512-3oSeUO0TMV67hN1AmbXsK4yaqU7tjiHlbxRDZOpH0KW9+CeX4bRAaX0Anxt0tx2MrpRpWwQaPwIlISEJhYU5Pw==",
			"dev": true,
			"license": "MIT"
		},
		"node_modules/base64-js": {
			"version": "1.5.1",
			"resolved": "https://registry.npmjs.org/base64-js/-/base64-js-1.5.1.tgz",
			"integrity": "sha512-AKpaYlHn8t4SVbOHCy+b5+KKgvR4vrsD8vbvrbiQJps7fKDTkjkDry6ji0rUJjC0kzbNePLwzxq8iypo41qeWA==",
			"dev": true,
			"funding": [
				{
					"type": "github",
					"url": "https://github.com/sponsors/feross"
				},
				{
					"type": "patreon",
					"url": "https://www.patreon.com/feross"
				},
				{
					"type": "consulting",
					"url": "https://feross.org/support"
				}
			],
			"license": "MIT"
		},
		"node_modules/bl": {
			"version": "4.1.0",
			"resolved": "https://registry.npmjs.org/bl/-/bl-4.1.0.tgz",
			"integrity": "sha512-1W07cM9gS6DcLperZfFSj+bWLtaPGSOHWhPiGzXmvVJbRLdG82sH/Kn8EtW1VqWVA54AKf2h5k5BbnIbwF3h6w==",
			"dev": true,
			"license": "MIT",
			"dependencies": {
				"buffer": "^5.5.0",
				"inherits": "^2.0.4",
				"readable-stream": "^3.4.0"
			}
		},
		"node_modules/brace-expansion": {
			"version": "1.1.12",
			"resolved": "https://registry.npmjs.org/brace-expansion/-/brace-expansion-1.1.12.tgz",
			"integrity": "sha512-9T9UjW3r0UW5c1Q7GTwllptXwhvYmEzFhzMfZ9H7FQWt+uZePjZPjBP/W1ZEyZ1twGWom5/56TF4lPcqjnDHcg==",
			"dev": true,
			"license": "MIT",
			"dependencies": {
				"balanced-match": "^1.0.0",
				"concat-map": "0.0.1"
			}
		},
		"node_modules/buffer": {
			"version": "5.7.1",
			"resolved": "https://registry.npmjs.org/buffer/-/buffer-5.7.1.tgz",
			"integrity": "sha512-EHcyIPBQ4BSGlvjB16k5KgAJ27CIsHY/2JBmCRReo48y9rQ3MaUzWX3KVlBa4U7MyX02HdVj0K7C3WaB3ju7FQ==",
			"dev": true,
			"funding": [
				{
					"type": "github",
					"url": "https://github.com/sponsors/feross"
				},
				{
					"type": "patreon",
					"url": "https://www.patreon.com/feross"
				},
				{
					"type": "consulting",
					"url": "https://feross.org/support"
				}
			],
			"license": "MIT",
			"dependencies": {
				"base64-js": "^1.3.1",
				"ieee754": "^1.1.13"
			}
		},
		"node_modules/buffer-crc32": {
			"version": "0.2.13",
			"resolved": "https://registry.npmjs.org/buffer-crc32/-/buffer-crc32-0.2.13.tgz",
			"integrity": "sha512-VO9Ht/+p3SN7SKWqcrgEzjGbRSJYTx+Q1pTQC0wrWqHx0vpJraQ6GtHx8tvcg1rlK1byhU5gccxgOgj7B0TDkQ==",
			"dev": true,
			"license": "MIT",
			"engines": {
				"node": "*"
			}
		},
		"node_modules/callsites": {
			"version": "3.1.0",
			"resolved": "https://registry.npmjs.org/callsites/-/callsites-3.1.0.tgz",
			"integrity": "sha512-P8BjAsXvZS+VIDUI11hHCQEv74YT67YUi5JJFNWIqL235sBmjX4+qx9Muvls5ivyNENctx46xQLQ3aTuE7ssaQ==",
			"dev": true,
			"license": "MIT",
			"engines": {
				"node": ">=6"
			}
		},
		"node_modules/camelcase": {
			"version": "6.3.0",
			"resolved": "https://registry.npmjs.org/camelcase/-/camelcase-6.3.0.tgz",
			"integrity": "sha512-Gmy6FhYlCY7uOElZUSbxo2UCDH8owEk996gkbrpsgGtrJLM3J7jGxl9Ic7Qwwj4ivOE5AWZWRMecDdF7hqGjFA==",
			"dev": true,
			"license": "MIT",
			"engines": {
				"node": ">=10"
			},
			"funding": {
				"url": "https://github.com/sponsors/sindresorhus"
			}
		},
		"node_modules/camelcase-keys": {
			"version": "7.0.2",
			"resolved": "https://registry.npmjs.org/camelcase-keys/-/camelcase-keys-7.0.2.tgz",
			"integrity": "sha512-Rjs1H+A9R+Ig+4E/9oyB66UC5Mj9Xq3N//vcLf2WzgdTi/3gUu3Z9KoqmlrEG4VuuLK8wJHofxzdQXz/knhiYg==",
			"dev": true,
			"license": "MIT",
			"dependencies": {
				"camelcase": "^6.3.0",
				"map-obj": "^4.1.0",
				"quick-lru": "^5.1.1",
				"type-fest": "^1.2.1"
			},
			"engines": {
				"node": ">=12"
			},
			"funding": {
				"url": "https://github.com/sponsors/sindresorhus"
			}
		},
		"node_modules/chownr": {
			"version": "1.1.4",
			"resolved": "https://registry.npmjs.org/chownr/-/chownr-1.1.4.tgz",
			"integrity": "sha512-jJ0bqzaylmJtVnNgzTeSOs8DPavpbYgEr/b0YL8/2GO3xJEhInFmhKMUnEJQjZumK7KXGFhUy89PrsJWlakBVg==",
			"dev": true,
			"license": "ISC"
		},
		"node_modules/commander": {
			"version": "8.3.0",
			"resolved": "https://registry.npmjs.org/commander/-/commander-8.3.0.tgz",
			"integrity": "sha512-OkTL9umf+He2DZkUq8f8J9of7yL6RJKI24dVITBmNfZBmri9zYZQrKkuXiKhyfPSu8tUhnVBB1iKXevvnlR4Ww==",
			"dev": true,
			"license": "MIT",
			"engines": {
				"node": ">= 12"
			}
		},
		"node_modules/concat-map": {
			"version": "0.0.1",
			"resolved": "https://registry.npmjs.org/concat-map/-/concat-map-0.0.1.tgz",
			"integrity": "sha512-/Srv4dswyQNBfohGpz9o6Yb3Gz3SrUDqBH5rTuhGR7ahtlbYKnVxw2bCFMRljaA7EXHaXZ8wsHdodFvbkhKmqg==",
			"dev": true,
			"license": "MIT"
		},
		"node_modules/cosmiconfig": {
			"version": "7.1.0",
			"resolved": "https://registry.npmjs.org/cosmiconfig/-/cosmiconfig-7.1.0.tgz",
			"integrity": "sha512-AdmX6xUzdNASswsFtmwSt7Vj8po9IuqXm0UXz7QKPuEUmPB4XyjGfaAr2PSuELMwkRMVH1EpIkX5bTZGRB3eCA==",
			"dev": true,
			"license": "MIT",
			"dependencies": {
				"@types/parse-json": "^4.0.0",
				"import-fresh": "^3.2.1",
				"parse-json": "^5.0.0",
				"path-type": "^4.0.0",
				"yaml": "^1.10.0"
			},
			"engines": {
				"node": ">=10"
			}
		},
		"node_modules/debug": {
			"version": "4.4.3",
			"resolved": "https://registry.npmjs.org/debug/-/debug-4.4.3.tgz",
			"integrity": "sha512-RGwwWnwQvkVfavKVt22FGLw+xYSdzARwm0ru6DhTVA3umU5hZc28V3kO4stgYryrTlLpuvgI9GiijltAjNbcqA==",
			"dev": true,
			"license": "MIT",
			"dependencies": {
				"ms": "^2.1.3"
			},
			"engines": {
				"node": ">=6.0"
			},
			"peerDependenciesMeta": {
				"supports-color": {
					"optional": true
				}
			}
		},
		"node_modules/dotenv": {
			"version": "10.0.0",
			"resolved": "https://registry.npmjs.org/dotenv/-/dotenv-10.0.0.tgz",
			"integrity": "sha512-rlBi9d8jpv9Sf1klPjNfFAuWDjKLwTIJJ/VxtoTwIR6hnZxcEOQCZg2oIL3MWBYw5GpUDKOEnND7LXTbIpQ03Q==",
			"dev": true,
			"license": "BSD-2-Clause",
			"engines": {
				"node": ">=10"
			}
		},
		"node_modules/end-of-stream": {
			"version": "1.4.5",
			"resolved": "https://registry.npmjs.org/end-of-stream/-/end-of-stream-1.4.5.tgz",
			"integrity": "sha512-ooEGc6HP26xXq/N+GCGOT0JKCLDGrq2bQUZrQ7gyrJiZANJ/8YDTxTpQBXGMn+WbIQXNVpyWymm7KYVICQnyOg==",
			"dev": true,
			"license": "MIT",
			"dependencies": {
				"once": "^1.4.0"
			}
		},
		"node_modules/error-ex": {
			"version": "1.3.4",
			"resolved": "https://registry.npmjs.org/error-ex/-/error-ex-1.3.4.tgz",
			"integrity": "sha512-sqQamAnR14VgCr1A618A3sGrygcpK+HEbenA/HiEAkkUwcZIIB/tgWqHFxWgOyDh4nB4JCRimh79dR5Ywc9MDQ==",
			"dev": true,
			"license": "MIT",
			"dependencies": {
				"is-arrayish": "^0.2.1"
			}
		},
		"node_modules/extract-zip": {
			"version": "2.0.1",
			"resolved": "https://registry.npmjs.org/extract-zip/-/extract-zip-2.0.1.tgz",
			"integrity": "sha512-GDhU9ntwuKyGXdZBUgTIe+vXnWj0fppUEtMDL0+idd5Sta8TGpHssn/eusA9mrPr9qNDym6SxAYZjNvCn/9RBg==",
			"dev": true,
			"license": "BSD-2-Clause",
			"dependencies": {
				"debug": "^4.1.1",
				"get-stream": "^5.1.0",
				"yauzl": "^2.10.0"
			},
			"bin": {
				"extract-zip": "cli.js"
			},
			"engines": {
				"node": ">= 10.17.0"
			},
			"optionalDependencies": {
				"@types/yauzl": "^2.9.1"
			}
		},
		"node_modules/fd-slicer": {
			"version": "1.1.0",
			"resolved": "https://registry.npmjs.org/fd-slicer/-/fd-slicer-1.1.0.tgz",
			"integrity": "sha512-cE1qsB/VwyQozZ+q1dGxR8LBYNZeofhEdUNGSMbQD3Gw2lAzX9Zb3uIU6Ebc/Fmyjo9AWWfnn0AUCHqtevs/8g==",
			"dev": true,
			"license": "MIT",
			"dependencies": {
				"pend": "~1.2.0"
			}
		},
		"node_modules/follow-redirects": {
			"version": "1.15.11",
			"resolved": "https://registry.npmjs.org/follow-redirects/-/follow-redirects-1.15.11.tgz",
			"integrity": "sha512-deG2P0JfjrTxl50XGCDyfI97ZGVCxIpfKYmfyrQ54n5FO/0gfIES8C/Psl6kWVDolizcaaxZJnTS0QSMxvnsBQ==",
			"dev": true,
			"funding": [
				{
					"type": "individual",
					"url": "https://github.com/sponsors/RubenVerborgh"
				}
			],
			"license": "MIT",
			"engines": {
				"node": ">=4.0"
			},
			"peerDependenciesMeta": {
				"debug": {
					"optional": true
				}
			}
		},
		"node_modules/fs-constants": {
			"version": "1.0.0",
			"resolved": "https://registry.npmjs.org/fs-constants/-/fs-constants-1.0.0.tgz",
			"integrity": "sha512-y6OAwoSIf7FyjMIv94u+b5rdheZEjzR63GTyZJm5qh4Bi+2YgwLCcI/fPFZkL5PSixOt6ZNKm+w+Hfp/Bciwow==",
			"dev": true,
			"license": "MIT"
		},
		"node_modules/fs.realpath": {
			"version": "1.0.0",
			"resolved": "https://registry.npmjs.org/fs.realpath/-/fs.realpath-1.0.0.tgz",
			"integrity": "sha512-OO0pH2lK6a0hZnAdau5ItzHPI6pUlvI7jMVnxUQRtw4owF2wk8lOSabtGDCTP4Ggrg2MbGnWO9X8K1t4+fGMDw==",
			"dev": true,
			"license": "ISC"
		},
		"node_modules/get-stream": {
			"version": "5.2.0",
			"resolved": "https://registry.npmjs.org/get-stream/-/get-stream-5.2.0.tgz",
			"integrity": "sha512-nBF+F1rAZVCu/p7rjzgA+Yb4lfYXrpl7a6VmJrU8wF9I1CKvP/QwPNZHnOlwbTkY6dvtFIzFMSyQXbLoTQPRpA==",
			"dev": true,
			"license": "MIT",
			"dependencies": {
				"pump": "^3.0.0"
			},
			"engines": {
				"node": ">=8"
			},
			"funding": {
				"url": "https://github.com/sponsors/sindresorhus"
			}
		},
		"node_modules/glob": {
			"version": "7.2.3",
			"resolved": "https://registry.npmjs.org/glob/-/glob-7.2.3.tgz",
			"integrity": "sha512-nFR0zLpU2YCaRxwoCJvL6UvCH2JFyFVIvwTLsIf21AuHlMskA1hhTdk+LlYJtOlYt9v6dvszD2BGRqBL+iQK9Q==",
			"deprecated": "Old versions of glob are not supported, and contain widely publicized security vulnerabilities, which have been fixed in the current version. Please update. Support for old versions may be purchased (at exorbitant rates) by contacting i@izs.me",
			"dev": true,
			"license": "ISC",
			"dependencies": {
				"fs.realpath": "^1.0.0",
				"inflight": "^1.0.4",
				"inherits": "2",
				"minimatch": "^3.1.1",
				"once": "^1.3.0",
				"path-is-absolute": "^1.0.0"
			},
			"engines": {
				"node": "*"
			},
			"funding": {
				"url": "https://github.com/sponsors/isaacs"
			}
		},
		"node_modules/https-proxy-agent": {
			"version": "4.0.0",
			"resolved": "https://registry.npmjs.org/https-proxy-agent/-/https-proxy-agent-4.0.0.tgz",
			"integrity": "sha512-zoDhWrkR3of1l9QAL8/scJZyLu8j/gBkcwcaQOZh7Gyh/+uJQzGVETdgT30akuwkpL8HTRfssqI3BZuV18teDg==",
			"dev": true,
			"license": "MIT",
			"dependencies": {
				"agent-base": "5",
				"debug": "4"
			},
			"engines": {
				"node": ">= 6.0.0"
			}
		},
		"node_modules/ieee754": {
			"version": "1.2.1",
			"resolved": "https://registry.npmjs.org/ieee754/-/ieee754-1.2.1.tgz",
			"integrity": "sha512-dcyqhDvX1C46lXZcVqCpK+FtMRQVdIMN6/Df5js2zouUsqG7I6sFxitIC+7KYK29KdXOLHdu9zL4sFnoVQnqaA==",
			"dev": true,
			"funding": [
				{
					"type": "github",
					"url": "https://github.com/sponsors/feross"
				},
				{
					"type": "patreon",
					"url": "https://www.patreon.com/feross"
				},
				{
					"type": "consulting",
					"url": "https://feross.org/support"
				}
			],
			"license": "BSD-3-Clause"
		},
		"node_modules/import-fresh": {
			"version": "3.3.1",
			"resolved": "https://registry.npmjs.org/import-fresh/-/import-fresh-3.3.1.tgz",
			"integrity": "sha512-TR3KfrTZTYLPB6jUjfx6MF9WcWrHL9su5TObK4ZkYgBdWKPOFoSoQIdEuTuR82pmtxH2spWG9h6etwfr1pLBqQ==",
			"dev": true,
			"license": "MIT",
			"dependencies": {
				"parent-module": "^1.0.0",
				"resolve-from": "^4.0.0"
			},
			"engines": {
				"node": ">=6"
			},
			"funding": {
				"url": "https://github.com/sponsors/sindresorhus"
			}
		},
		"node_modules/inflight": {
			"version": "1.0.6",
			"resolved": "https://registry.npmjs.org/inflight/-/inflight-1.0.6.tgz",
			"integrity": "sha512-k92I/b08q4wvFscXCLvqfsHCrjrF7yiXsQuIVvVE7N82W3+aqpzuUdBbfhWcy/FZR3/4IgflMgKLOsvPDrGCJA==",
			"deprecated": "This module is not supported, and leaks memory. Do not use it. Check out lru-cache if you want a good and tested way to coalesce async requests by a key value, which is much more comprehensive and powerful.",
			"dev": true,
			"license": "ISC",
			"dependencies": {
				"once": "^1.3.0",
				"wrappy": "1"
			}
		},
		"node_modules/inherits": {
			"version": "2.0.4",
			"resolved": "https://registry.npmjs.org/inherits/-/inherits-2.0.4.tgz",
			"integrity": "sha512-k/vGaX4/Yla3WzyMCvTQOXYeIHvqOKtnqBduzTHpzpQZzAskKMhZ2K+EnBiSM9zGSoIFeMpXKxa4dYeZIQqewQ==",
			"dev": true,
			"license": "ISC"
		},
		"node_modules/is-arrayish": {
			"version": "0.2.1",
			"resolved": "https://registry.npmjs.org/is-arrayish/-/is-arrayish-0.2.1.tgz",
			"integrity": "sha512-zz06S8t0ozoDXMG+ube26zeCTNXcKIPJZJi8hBrF4idCLms4CG9QtK7qBl1boi5ODzFpjswb5JPmHCbMpjaYzg==",
			"dev": true,
			"license": "MIT"
		},
		"node_modules/js-tokens": {
			"version": "4.0.0",
			"resolved": "https://registry.npmjs.org/js-tokens/-/js-tokens-4.0.0.tgz",
			"integrity": "sha512-RdJUflcE3cUzKiMqQgsCu06FPu9UdIJO0beYbPhHN4k6apgJtifcoCtT9bcxOpYBtpD2kCM6Sbzg4CausW/PKQ==",
			"dev": true,
			"license": "MIT"
		},
		"node_modules/json-parse-even-better-errors": {
			"version": "2.3.1",
			"resolved": "https://registry.npmjs.org/json-parse-even-better-errors/-/json-parse-even-better-errors-2.3.1.tgz",
			"integrity": "sha512-xyFwyhro/JEof6Ghe2iz2NcXoj2sloNsWr/XsERDK/oiPCfaNhl5ONfp+jQdAZRQQ0IJWNzH9zIZF7li91kh2w==",
			"dev": true,
			"license": "MIT"
		},
		"node_modules/json5": {
			"version": "2.2.3",
			"resolved": "https://registry.npmjs.org/json5/-/json5-2.2.3.tgz",
			"integrity": "sha512-XmOWe7eyHYH14cLdVPoyg+GOH3rYX++KpzrylJwSW98t3Nk+U8XOl8FWKOgwtzdb8lXGf6zYwDUzeHMWfxasyg==",
			"dev": true,
			"license": "MIT",
			"bin": {
				"json5": "lib/cli.js"
			},
			"engines": {
				"node": ">=6"
			}
		},
		"node_modules/lines-and-columns": {
			"version": "1.2.4",
			"resolved": "https://registry.npmjs.org/lines-and-columns/-/lines-and-columns-1.2.4.tgz",
			"integrity": "sha512-7ylylesZQ/PV29jhEDl3Ufjo6ZX7gCqJr5F7PKrqc93v7fzSymt1BpwEU8nAUXs8qzzvqhbjhK5QZg6Mt/HkBg==",
			"dev": true,
			"license": "MIT"
		},
		"node_modules/map-obj": {
			"version": "4.3.0",
			"resolved": "https://registry.npmjs.org/map-obj/-/map-obj-4.3.0.tgz",
			"integrity": "sha512-hdN1wVrZbb29eBGiGjJbeP8JbKjq1urkHJ/LIP/NY48MZ1QVXUsQBV1G1zvYFHn1XE06cwjBsOI2K3Ulnj1YXQ==",
			"dev": true,
			"license": "MIT",
			"engines": {
				"node": ">=8"
			},
			"funding": {
				"url": "https://github.com/sponsors/sindresorhus"
			}
		},
		"node_modules/mime": {
			"version": "2.6.0",
			"resolved": "https://registry.npmjs.org/mime/-/mime-2.6.0.tgz",
			"integrity": "sha512-USPkMeET31rOMiarsBNIHZKLGgvKc/LrjofAnBlOttf5ajRvqiRA8QsenbcooctK6d6Ts6aqZXBA+XbkKthiQg==",
			"dev": true,
			"license": "MIT",
			"bin": {
				"mime": "cli.js"
			},
			"engines": {
				"node": ">=4.0.0"
			}
		},
		"node_modules/minimatch": {
			"version": "3.1.5",
			"resolved": "https://registry.npmjs.org/minimatch/-/minimatch-3.1.5.tgz",
			"integrity": "sha512-VgjWUsnnT6n+NUk6eZq77zeFdpW2LWDzP6zFGrCbHXiYNul5Dzqk2HHQ5uFH2DNW5Xbp8+jVzaeNt94ssEEl4w==",
			"dev": true,
			"license": "ISC",
			"dependencies": {
				"brace-expansion": "^1.1.7"
			},
			"engines": {
				"node": "*"
			}
		},
		"node_modules/mkdirp-classic": {
			"version": "0.5.3",
			"resolved": "https://registry.npmjs.org/mkdirp-classic/-/mkdirp-classic-0.5.3.tgz",
			"integrity": "sha512-gKLcREMhtuZRwRAfqP3RFW+TK4JqApVBtOIftVgjuABpAtpxhPGaDcfvbhNvD0B8iD1oUr/txX35NjcaY6Ns/A==",
			"dev": true,
			"license": "MIT"
		},
		"node_modules/ms": {
			"version": "2.1.3",
			"resolved": "https://registry.npmjs.org/ms/-/ms-2.1.3.tgz",
			"integrity": "sha512-6FlzubTLZG3J2a/NVCAleEhjzq5oxgHyaCU9yYXvcLsvoVaHJq/s5xXI6/XXP6tz7R9xAOtHnSO/tXtF3WRTlA==",
			"dev": true,
			"license": "MIT"
		},
		"node_modules/once": {
			"version": "1.4.0",
			"resolved": "https://registry.npmjs.org/once/-/once-1.4.0.tgz",
			"integrity": "sha512-lNaJgI+2Q5URQBkccEKHTQOPaXdUxnZZElQTZY0MFUAuaEqe1E+Nyvgdz/aIyNi6Z9MzO5dv1H8n58/GELp3+w==",
			"dev": true,
			"license": "ISC",
			"dependencies": {
				"wrappy": "1"
			}
		},
		"node_modules/parent-module": {
			"version": "1.0.1",
			"resolved": "https://registry.npmjs.org/parent-module/-/parent-module-1.0.1.tgz",
			"integrity": "sha512-GQ2EWRpQV8/o+Aw8YqtfZZPfNRWZYkbidE9k5rpl/hC3vtHHBfGm2Ifi6qWV+coDGkrUKZAxE3Lot5kcsRlh+g==",
			"dev": true,
			"license": "MIT",
			"dependencies": {
				"callsites": "^3.0.0"
			},
			"engines": {
				"node": ">=6"
			}
		},
		"node_modules/parse-json": {
			"version": "5.2.0",
			"resolved": "https://registry.npmjs.org/parse-json/-/parse-json-5.2.0.tgz",
			"integrity": "sha512-ayCKvm/phCGxOkYRSCM82iDwct8/EonSEgCSxWxD7ve6jHggsFl4fZVQBPRNgQoKiuV/odhFrGzQXZwbifC8Rg==",
			"dev": true,
			"license": "MIT",
			"dependencies": {
				"@babel/code-frame": "^7.0.0",
				"error-ex": "^1.3.1",
				"json-parse-even-better-errors": "^2.3.0",
				"lines-and-columns": "^1.1.6"
			},
			"engines": {
				"node": ">=8"
			},
			"funding": {
				"url": "https://github.com/sponsors/sindresorhus"
			}
		},
		"node_modules/path-is-absolute": {
			"version": "1.0.1",
			"resolved": "https://registry.npmjs.org/path-is-absolute/-/path-is-absolute-1.0.1.tgz",
			"integrity": "sha512-AVbw3UJ2e9bq64vSaS9Am0fje1Pa8pbGqTTsmXfaIiMpnr5DlDhfJOuLj9Sf95ZPVDAUerDfEk88MPmPe7UCQg==",
			"dev": true,
			"license": "MIT",
			"engines": {
				"node": ">=0.10.0"
			}
		},
		"node_modules/path-type": {
			"version": "4.0.0",
			"resolved": "https://registry.npmjs.org/path-type/-/path-type-4.0.0.tgz",
			"integrity": "sha512-gDKb8aZMDeD/tZWs9P6+q0J9Mwkdl6xMV8TjnGP3qJVJ06bdMgkbBlLU8IdfOsIsFz2BW1rNVT3XuNEl8zPAvw==",
			"dev": true,
			"license": "MIT",
			"engines": {
				"node": ">=8"
			}
		},
		"node_modules/pend": {
			"version": "1.2.0",
			"resolved": "https://registry.npmjs.org/pend/-/pend-1.2.0.tgz",
			"integrity": "sha512-F3asv42UuXchdzt+xXqfW1OGlVBe+mxa2mqI0pg5yAHZPvFmY3Y6drSf/GQ1A86WgWEN9Kzh/WrgKa6iGcHXLg==",
			"dev": true,
			"license": "MIT"
		},
		"node_modules/picocolors": {
			"version": "1.1.1",
			"resolved": "https://registry.npmjs.org/picocolors/-/picocolors-1.1.1.tgz",
			"integrity": "sha512-xceH2snhtb5M9liqDsmEw56le376mTZkEX/jEb/RxNFyegNul7eNslCXP9FDj/Lcu0X8KEyMceP2ntpaHrDEVA==",
			"dev": true,
			"license": "ISC"
		},
		"node_modules/progress": {
			"version": "2.0.3",
			"resolved": "https://registry.npmjs.org/progress/-/progress-2.0.3.tgz",
			"integrity": "sha512-7PiHtLll5LdnKIMw100I+8xJXR5gW2QwWYkT6iJva0bXitZKa/XMrSbdmg3r2Xnaidz9Qumd0VPaMrZlF9V9sA==",
			"dev": true,
			"license": "MIT",
			"engines": {
				"node": ">=0.4.0"
			}
		},
		"node_modules/proxy-from-env": {
			"version": "1.1.0",
			"resolved": "https://registry.npmjs.org/proxy-from-env/-/proxy-from-env-1.1.0.tgz",
			"integrity": "sha512-D+zkORCbA9f1tdWRK0RaCR3GPv50cMxcrz4X8k5LTSUD1Dkw47mKJEZQNunItRTkWwgtaUSo1RVFRIG9ZXiFYg==",
			"dev": true,
			"license": "MIT"
		},
		"node_modules/pump": {
			"version": "3.0.4",
			"resolved": "https://registry.npmjs.org/pump/-/pump-3.0.4.tgz",
			"integrity": "sha512-VS7sjc6KR7e1ukRFhQSY5LM2uBWAUPiOPa/A3mkKmiMwSmRFUITt0xuj+/lesgnCv+dPIEYlkzrcyXgquIHMcA==",
			"dev": true,
			"license": "MIT",
			"dependencies": {
				"end-of-stream": "^1.1.0",
				"once": "^1.3.1"
			}
		},
		"node_modules/puppeteer": {
			"version": "3.3.0",
			"resolved": "https://registry.npmjs.org/puppeteer/-/puppeteer-3.3.0.tgz",
			"integrity": "sha512-23zNqRltZ1PPoK28uRefWJ/zKb5Jhnzbbwbpcna2o5+QMn17F0khq5s1bdH3vPlyj+J36pubccR8wiNA/VE0Vw==",
			"deprecated": "< 24.15.0 is no longer supported",
			"dev": true,
			"hasInstallScript": true,
			"license": "Apache-2.0",
			"dependencies": {
				"debug": "^4.1.0",
				"extract-zip": "^2.0.0",
				"https-proxy-agent": "^4.0.0",
				"mime": "^2.0.3",
				"progress": "^2.0.1",
				"proxy-from-env": "^1.0.0",
				"rimraf": "^3.0.2",
				"tar-fs": "^2.0.0",
				"unbzip2-stream": "^1.3.3",
				"ws": "^7.2.3"
			},
			"engines": {
				"node": ">=10.18.1"
			}
		},
		"node_modules/quick-lru": {
			"version": "5.1.1",
			"resolved": "https://registry.npmjs.org/quick-lru/-/quick-lru-5.1.1.tgz",
			"integrity": "sha512-WuyALRjWPDGtt/wzJiadO5AXY+8hZ80hVpe6MyivgraREW751X3SbhRvG3eLKOYN+8VEvqLcf3wdnt44Z4S4SA==",
			"dev": true,
			"license": "MIT",
			"engines": {
				"node": ">=10"
			},
			"funding": {
				"url": "https://github.com/sponsors/sindresorhus"
			}
		},
		"node_modules/readable-stream": {
			"version": "3.6.2",
			"resolved": "https://registry.npmjs.org/readable-stream/-/readable-stream-3.6.2.tgz",
			"integrity": "sha512-9u/sniCrY3D5WdsERHzHE4G2YCXqoG5FTHUiCC4SIbr6XcLZBY05ya9EKjYek9O5xOAwjGq+1JdGBAS7Q9ScoA==",
			"dev": true,
			"license": "MIT",
			"dependencies": {
				"inherits": "^2.0.3",
				"string_decoder": "^1.1.1",
				"util-deprecate": "^1.0.1"
			},
			"engines": {
				"node": ">= 6"
			}
		},
		"node_modules/resolve-from": {
			"version": "4.0.0",
			"resolved": "https://registry.npmjs.org/resolve-from/-/resolve-from-4.0.0.tgz",
			"integrity": "sha512-pb/MYmXstAkysRFx8piNI1tGFNQIFA3vkE3Gq4EuA1dF6gHp/+vgZqsCGJapvy8N3Q+4o7FwvquPJcnZ7RYy4g==",
			"dev": true,
			"license": "MIT",
			"engines": {
				"node": ">=4"
			}
		},
		"node_modules/rimraf": {
			"version": "3.0.2",
			"resolved": "https://registry.npmjs.org/rimraf/-/rimraf-3.0.2.tgz",
			"integrity": "sha512-JZkJMZkAGFFPP2YqXZXPbMlMBgsxzE8ILs4lMIX/2o0L9UBw9O/Y3o6wFw/i9YLapcUJWwqbi3kdxIPdC62TIA==",
			"deprecated": "Rimraf versions prior to v4 are no longer supported",
			"dev": true,
			"license": "ISC",
			"dependencies": {
				"glob": "^7.1.3"
			},
			"bin": {
				"rimraf": "bin.js"
			},
			"funding": {
				"url": "https://github.com/sponsors/isaacs"
			}
		},
		"node_modules/safe-buffer": {
			"version": "5.2.1",
			"resolved": "https://registry.npmjs.org/safe-buffer/-/safe-buffer-5.2.1.tgz",
			"integrity": "sha512-rp3So07KcdmmKbGvgaNxQSJr7bGVSVk5S9Eq1F+ppbRo70+YeaDxkw5Dd8NPN+GD6bjnYm2VuPuCXmpuYvmCXQ==",
			"dev": true,
			"funding": [
				{
					"type": "github",
					"url": "https://github.com/sponsors/feross"
				},
				{
					"type": "patreon",
					"url": "https://www.patreon.com/feross"
				},
				{
					"type": "consulting",
					"url": "https://feross.org/support"
				}
			],
			"license": "MIT"
		},
		"node_modules/string_decoder": {
			"version": "1.3.0",
			"resolved": "https://registry.npmjs.org/string_decoder/-/string_decoder-1.3.0.tgz",
			"integrity": "sha512-hkRX8U1WjJFd8LsDJ2yQ/wWWxaopEsABU1XfkM8A+j0+85JAGppt16cr1Whg6KIbb4okU6Mql6BOj+uup/wKeA==",
			"dev": true,
			"license": "MIT",
			"dependencies": {
				"safe-buffer": "~5.2.0"
			}
		},
		"node_modules/svgexport": {
			"version": "0.4.2",
			"resolved": "https://registry.npmjs.org/svgexport/-/svgexport-0.4.2.tgz",
			"integrity": "sha512-EZqt7MvqPM5gI6lj4hyllWKBoHPiOSWrf6R8x3g+0zI71Qb8OXFzFDmSgUUaPGBoZHQZkgN8ymfDRN6k6ZA+CA==",
			"dev": true,
			"license": "MIT",
			"dependencies": {
				"async": "^3.2.0",
				"puppeteer": "^3.0.2"
			},
			"bin": {
				"svgexport": "bin/index.js"
			}
		},
		"node_modules/tar-fs": {
			"version": "2.1.4",
			"resolved": "https://registry.npmjs.org/tar-fs/-/tar-fs-2.1.4.tgz",
			"integrity": "sha512-mDAjwmZdh7LTT6pNleZ05Yt65HC3E+NiQzl672vQG38jIrehtJk/J3mNwIg+vShQPcLF/LV7CMnDW6vjj6sfYQ==",
			"dev": true,
			"license": "MIT",
			"dependencies": {
				"chownr": "^1.1.1",
				"mkdirp-classic": "^0.5.2",
				"pump": "^3.0.0",
				"tar-stream": "^2.1.4"
			}
		},
		"node_modules/tar-stream": {
			"version": "2.2.0",
			"resolved": "https://registry.npmjs.org/tar-stream/-/tar-stream-2.2.0.tgz",
			"integrity": "sha512-ujeqbceABgwMZxEJnk2HDY2DlnUZ+9oEcb1KzTVfYHio0UE6dG71n60d8D2I4qNvleWrrXpmjpt7vZeF1LnMZQ==",
			"dev": true,
			"license": "MIT",
			"dependencies": {
				"bl": "^4.0.3",
				"end-of-stream": "^1.4.1",
				"fs-constants": "^1.0.0",
				"inherits": "^2.0.3",
				"readable-stream": "^3.1.1"
			},
			"engines": {
				"node": ">=6"
			}
		},
		"node_modules/through": {
			"version": "2.3.8",
			"resolved": "https://registry.npmjs.org/through/-/through-2.3.8.tgz",
			"integrity": "sha512-w89qg7PI8wAdvX60bMDP+bFoD5Dvhm9oLheFp5O4a2QF0cSBGsBX4qZmadPMvVqlLJBBci+WqGGOAPvcDeNSVg==",
			"dev": true,
			"license": "MIT"
		},
		"node_modules/type-fest": {
			"version": "1.4.0",
			"resolved": "https://registry.npmjs.org/type-fest/-/type-fest-1.4.0.tgz",
			"integrity": "sha512-yGSza74xk0UG8k+pLh5oeoYirvIiWo5t0/o3zHHAO2tRDiZcxWP7fywNlXhqb6/r6sWvwi+RsyQMWhVLe4BVuA==",
			"dev": true,
			"license": "(MIT OR CC0-1.0)",
			"engines": {
				"node": ">=10"
			},
			"funding": {
				"url": "https://github.com/sponsors/sindresorhus"
			}
		},
		"node_modules/unbzip2-stream": {
			"version": "1.4.3",
			"resolved": "https://registry.npmjs.org/unbzip2-stream/-/unbzip2-stream-1.4.3.tgz",
			"integrity": "sha512-mlExGW4w71ebDJviH16lQLtZS32VKqsSfk80GCfUlwT/4/hNRFsoscrF/c++9xinkMzECL1uL9DDwXqFWkruPg==",
			"dev": true,
			"license": "MIT",
			"dependencies": {
				"buffer": "^5.2.1",
				"through": "^2.3.8"
			}
		},
		"node_modules/util-deprecate": {
			"version": "1.0.2",
			"resolved": "https://registry.npmjs.org/util-deprecate/-/util-deprecate-1.0.2.tgz",
			"integrity": "sha512-EPD5q1uXyFxJpCrLnCc1nHnq3gOa6DZBocAIiI2TaSCA7VCJ1UJDMagCzIkXNsUYfD1daK//LTEQ8xiIbrHtcw==",
			"dev": true,
			"license": "MIT"
		},
		"node_modules/wrappy": {
			"version": "1.0.2",
			"resolved": "https://registry.npmjs.org/wrappy/-/wrappy-1.0.2.tgz",
			"integrity": "sha512-l4Sp/DRseor9wL6EvV2+TuQn63dMkPjZ/sp9XkghTEbV9KlPS1xUsZ3u7/IQO4wxtcFB4bgpQPRcR3QCvezPcQ==",
			"dev": true,
			"license": "ISC"
		},
		"node_modules/ws": {
			"version": "7.5.10",
			"resolved": "https://registry.npmjs.org/ws/-/ws-7.5.10.tgz",
			"integrity": "sha512-+dbF1tHwZpXcbOJdVOkzLDxZP1ailvSxM6ZweXTegylPny803bFhA+vqBYw4s31NSAk4S2Qz+AKXK9a4wkdjcQ==",
			"dev": true,
			"license": "MIT",
			"engines": {
				"node": ">=8.3.0"
			},
			"peerDependencies": {
				"bufferutil": "^4.0.1",
				"utf-8-validate": "^5.0.2"
			},
			"peerDependenciesMeta": {
				"bufferutil": {
					"optional": true
				},
				"utf-8-validate": {
					"optional": true
				}
			}
		},
		"node_modules/yaml": {
			"version": "1.10.3",
			"resolved": "https://registry.npmjs.org/yaml/-/yaml-1.10.3.tgz",
			"integrity": "sha512-vIYeF1u3CjlhAFekPPAk2h/Kv4T3mAkMox5OymRiJQB0spDP10LHvt+K7G9Ny6NuuMAb25/6n1qyUjAcGNf/AA==",
			"dev": true,
			"license": "ISC",
			"engines": {
				"node": ">= 6"
			}
		},
		"node_modules/yauzl": {
			"version": "2.10.0",
			"resolved": "https://registry.npmjs.org/yauzl/-/yauzl-2.10.0.tgz",
			"integrity": "sha512-p4a9I6X6nu6IhoGmBqAcbJy1mlC4j27vEPZX9F4L4/vZT3Lyq1VkFHw/V/PUcB9Buo+DG3iHkT0x3Qya58zc3g==",
			"dev": true,
			"license": "MIT",
			"dependencies": {
				"buffer-crc32": "~0.2.3",
				"fd-slicer": "~1.1.0"
			}
		}
	}
}
